
Microsoft Visual Studio Solution File, Format Version 12.00
# Visual Studio Version 17
VisualStudioVersion = 17.13.35806.99 d17.13
MinimumVisualStudioVersion = 10.0.40219.1
Project("{FAE04EC0-301F-11D3-BF4B-00C04F79EFBC}") = "Practical-Challenge-POO-CSharp", "Practical-Challenge-POO-CSharp\Practical-Challenge-POO-CSharp.csproj", "{00740B6B-BFD4-4B73-8BF1-D2BF13EB18C0}"
EndProject
Global
	GlobalSection(SolutionConfigurationPlatforms) = preSolution
		Debug|Any CPU = Debug|Any CPU
		Release|Any CPU = Release|Any CPU
	EndGlobalSection
	GlobalSection(ProjectConfigurationPlatforms) = postSolution
		{00740B6B-BFD4-4B73-8BF1-D2BF13EB18C0}.Debug|Any CPU.ActiveCfg = Debug|Any CPU
		{00740B6B-BFD4-4B73-8BF1-D2BF13EB18C0}.Debug|Any CPU.Build.0 = Debug|Any CPU
		{00740B6B-BFD4-4B73-8BF1-D2BF13EB18C0}.Release|Any CPU.ActiveCfg = Release|Any CPU
		{00740B6B-BFD4-4B73-8BF1-D2BF13EB18C0}.Release|Any CPU.Build.0 = Release|Any CPU
	EndGlobalSection
	GlobalSection(SolutionProperties) = preSolution
		HideSolutionNode = FALSE
	EndGlobalSection
	GlobalSection(ExtensibilityGlobals) = postSolution
		SolutionGuid = {A3C486CF-604A-4AA7-B1D7-DDBC973E88BA}
	EndGlobalSection
EndGlobal
